
Microsoft Visual Studio Solution File, Format Version 12.00
# Visual Studio Version 16
VisualStudioVersion = 16.0.31911.196
MinimumVisualStudioVersion = 10.0.40219.1
Project("{FAE04EC0-301F-11D3-BF4B-00C04F79EFBC}") = "SpriteRotator", "SpriteRotator.csproj", "{C6797EDA-FC93-4B83-9716-42EDD23C678B}"
EndProject
Global
	GlobalSection(SolutionConfigurationPlatforms) = preSolution
		Debug|Any CPU = Debug|Any CPU
		Release|Any CPU = Release|Any CPU
	EndGlobalSection
	GlobalSection(ProjectConfigurationPlatforms) = postSolution
		{C6797EDA-FC93-4B83-9716-42EDD23C678B}.Debug|Any CPU.ActiveCfg = Debug|Any CPU
		{C6797EDA-FC93-4B83-9716-42EDD23C678B}.Debug|Any CPU.Build.0 = Debug|Any CPU
		{C6797EDA-FC93-4B83-9716-42EDD23C678B}.Release|Any CPU.ActiveCfg = Release|Any CPU
		{C6797EDA-FC93-4B83-9716-42EDD23C678B}.Release|Any CPU.Build.0 = Release|Any CPU
	EndGlobalSection
	GlobalSection(SolutionProperties) = preSolution
		HideSolutionNode = FALSE
	EndGlobalSection
	GlobalSection(ExtensibilityGlobals) = postSolution
		SolutionGuid = {FB68E0BA-BDA4-4CFB-9B4D-FD4AF1973B53}
	EndGlobalSection
EndGlobal
